
Microsoft Visual Studio Solution File, Format Version 12.00
# Visual Studio 15
VisualStudioVersion = 15.0.28010.2036
MinimumVisualStudioVersion = 10.0.40219.1
Project("{FAE04EC0-301F-11D3-BF4B-00C04F79EFBC}") = "MergeSort", "MergeSort\MergeSort.csproj", "{FBEF23B1-2795-46D2-ADB8-ED17784F0210}"
EndProject
Project("{FAE04EC0-301F-11D3-BF4B-00C04F79EFBC}") = "Sorting.SelectionSort", "Sorting.SelectionSort\Sorting.SelectionSort.csproj", "{DEB4F480-0C10-4C5A-A7CA-C8E24CEBFC95}"
EndProject
Project("{FAE04EC0-301F-11D3-BF4B-00C04F79EFBC}") = "Sorting.BubbleSort", "Sorting.BubbleSort\Sorting.BubbleSort.csproj", "{975B6BAA-D0D3-46F4-89C0-5D65E417B0BA}"
EndProject
Project("{FAE04EC0-301F-11D3-BF4B-00C04F79EFBC}") = "Sorting.Trial", "Sorting.Trial\Sorting.Trial.csproj", "{1CEC0E88-EE27-4ABA-AC05-77F079586379}"
EndProject
Project("{FAE04EC0-301F-11D3-BF4B-00C04F79EFBC}") = "Sorting.InsertionSorting", "Sorting.InsertionSorting\Sorting.InsertionSorting.csproj", "{000B3106-D92E-4EA5-9DD4-AED8B7E0B53B}"
EndProject
Global
	GlobalSection(SolutionConfigurationPlatforms) = preSolution
		Debug|Any CPU = Debug|Any CPU
		Release|Any CPU = Release|Any CPU
	EndGlobalSection
	GlobalSection(ProjectConfigurationPlatforms) = postSolution
		{FBEF23B1-2795-46D2-ADB8-ED17784F0210}.Debug|Any CPU.ActiveCfg = Debug|Any CPU
		{FBEF23B1-2795-46D2-ADB8-ED17784F0210}.Debug|Any CPU.Build.0 = Debug|Any CPU
		{FBEF23B1-2795-46D2-ADB8-ED17784F0210}.Release|Any CPU.ActiveCfg = Release|Any CPU
		{FBEF23B1-2795-46D2-ADB8-ED17784F0210}.Release|Any CPU.Build.0 = Release|Any CPU
		{DEB4F480-0C10-4C5A-A7CA-C8E24CEBFC95}.Debug|Any CPU.ActiveCfg = Debug|Any CPU
		{DEB4F480-0C10-4C5A-A7CA-C8E24CEBFC95}.Debug|Any CPU.Build.0 = Debug|Any CPU
		{DEB4F480-0C10-4C5A-A7CA-C8E24CEBFC95}.Release|Any CPU.ActiveCfg = Release|Any CPU
		{DEB4F480-0C10-4C5A-A7CA-C8E24CEBFC95}.Release|Any CPU.Build.0 = Release|Any CPU
		{975B6BAA-D0D3-46F4-89C0-5D65E417B0BA}.Debug|Any CPU.ActiveCfg = Debug|Any CPU
		{975B6BAA-D0D3-46F4-89C0-5D65E417B0BA}.Debug|Any CPU.Build.0 = Debug|Any CPU
		{975B6BAA-D0D3-46F4-89C0-5D65E417B0BA}.Release|Any CPU.ActiveCfg = Release|Any CPU
		{975B6BAA-D0D3-46F4-89C0-5D65E417B0BA}.Release|Any CPU.Build.0 = Release|Any CPU
		{1CEC0E88-EE27-4ABA-AC05-77F079586379}.Debug|Any CPU.ActiveCfg = Debug|Any CPU
		{1CEC0E88-EE27-4ABA-AC05-77F079586379}.Debug|Any CPU.Build.0 = Debug|Any CPU
		{1CEC0E88-EE27-4ABA-AC05-77F079586379}.Release|Any CPU.ActiveCfg = Release|Any CPU
		{1CEC0E88-EE27-4ABA-AC05-77F079586379}.Release|Any CPU.Build.0 = Release|Any CPU
		{000B3106-D92E-4EA5-9DD4-AED8B7E0B53B}.Debug|Any CPU.ActiveCfg = Debug|Any CPU
		{000B3106-D92E-4EA5-9DD4-AED8B7E0B53B}.Debug|Any CPU.Build.0 = Debug|Any CPU
		{000B3106-D92E-4EA5-9DD4-AED8B7E0B53B}.Release|Any CPU.ActiveCfg = Release|Any CPU
		{000B3106-D92E-4EA5-9DD4-AED8B7E0B53B}.Release|Any CPU.Build.0 = Release|Any CPU
	EndGlobalSection
	GlobalSection(SolutionProperties) = preSolution
		HideSolutionNode = FALSE
	EndGlobalSection
	GlobalSection(ExtensibilityGlobals) = postSolution
		SolutionGuid = {68695A23-04EA-4302-9688-C65C8394C118}
	EndGlobalSection
EndGlobal
